<?xml version="1.0" encoding="utf-8"?>
<Project ToolsVersion="4.0" xmlns="http://schemas.microsoft.com/developer/msbuild/2003">
  <ItemGroup>
    <Filter Include="소스 파일">
      <UniqueIdentifier>{4FC737F1-C7A5-4376-A066-2A32D752A2FF}</UniqueIdentifier>
      <Extensions>cpp;c;cc;cxx;c++;cppm;ixx;def;odl;idl;hpj;bat;asm;asmx</Extensions>
    </Filter>
    <Filter Include="헤더 파일">
      <UniqueIdentifier>{93995380-89BD-4b04-88EB-625FBE52EBFB}</UniqueIdentifier>
      <Extensions>h;hh;hpp;hxx;h++;hm;inl;inc;ipp;xsd</Extensions>
    </Filter>
    <Filter Include="리소스 파일">
      <UniqueIdentifier>{67DA6AB6-F800-4c08-8B7A-83BB121AAD01}</UniqueIdentifier>
      <Extensions>rc;ico;cur;bmp;dlg;rc2;rct;bin;rgs;gif;jpg;jpeg;jpe;resx;tiff;tif;png;wav;mfcribbon-ms</Extensions>
    </Filter>
    <Filter Include="gameNode">
      <UniqueIdentifier>{456ccd31-a2dd-4ba8-9f22-c7d462a1773e}</UniqueIdentifier>
    </Filter>
    <Filter Include="mainGame">
      <UniqueIdentifier>{b0320f66-3036-499a-bc52-2864aa106a7a}</UniqueIdentifier>
    </Filter>
    <Filter Include="singleton">
      <UniqueIdentifier>{d5af6b0f-4c74-4ebe-a0df-998a3b2f9a9e}</UniqueIdentifier>
    </Filter>
    <Filter Include="UTIL">
      <UniqueIdentifier>{ae8ed1ca-b7db-445d-a3e2-970c23ee8efd}</UniqueIdentifier>
    </Filter>
    <Filter Include="image">
      <UniqueIdentifier>{ca8e2a9d-9a89-40fa-9687-e9811869698e}</UniqueIdentifier>
    </Filter>
    <Filter Include="타이머">
      <UniqueIdentifier>{fced4742-a1d1-43ed-afee-d70fd59892a8}</UniqueIdentifier>
    </Filter>
    <Filter Include="텍스트데이터">
      <UniqueIdentifier>{dc1a7e9c-3e65-4527-8e0e-9d1fed69e1a8}</UniqueIdentifier>
    </Filter>
    <Filter Include="애니메이션">
      <UniqueIdentifier>{11b65d6c-5712-498b-861a-5c52f25e16a2}</UniqueIdentifier>
    </Filter>
    <Filter Include="manager">
      <UniqueIdentifier>{8c61072a-dba4-46b6-8ed7-d49ee1e7d011}</UniqueIdentifier>
    </Filter>
    <Filter Include="이펙트">
      <UniqueIdentifier>{cbc2bffc-abb2-4cb5-9970-639497ba2fff}</UniqueIdentifier>
    </Filter>
    <Filter Include="맵툴">
      <UniqueIdentifier>{e3922ca6-9d5f-4c7a-a20e-7f72caa6fe44}</UniqueIdentifier>
    </Filter>
    <Filter Include="manager\Zorder">
      <UniqueIdentifier>{8d7c25ed-e013-4602-99ae-a281af32861d}</UniqueIdentifier>
    </Filter>
    <Filter Include="manager\버튼">
      <UniqueIdentifier>{1aa13093-b110-4d98-a436-6b7fd3d4eff1}</UniqueIdentifier>
    </Filter>
    <Filter Include="progressBar">
      <UniqueIdentifier>{e12b9d16-0226-4ddf-b8d1-62be163fa35f}</UniqueIdentifier>
    </Filter>
    <Filter Include="manager\카메라">
      <UniqueIdentifier>{d9f6413c-bdb3-4ef6-9878-9cbf87983a63}</UniqueIdentifier>
    </Filter>
    <Filter Include="KatanaZero">
      <UniqueIdentifier>{0bfcef73-d018-4b0b-b47e-c2dc87213c29}</UniqueIdentifier>
    </Filter>
    <Filter Include="manager\Collision">
      <UniqueIdentifier>{61156214-09d3-4d93-8973-24322620c97d}</UniqueIdentifier>
    </Filter>
    <Filter Include="manager\Collision\OBB">
      <UniqueIdentifier>{1af3ce06-36a7-44a8-aeff-3887b8b69dde}</UniqueIdentifier>
    </Filter>
    <Filter Include="manager\Collision\collider">
      <UniqueIdentifier>{b303b07c-8635-4d1d-bfb4-a87e852944c6}</UniqueIdentifier>
    </Filter>
    <Filter Include="KatanaZero\1Player">
      <UniqueIdentifier>{27a58f06-3909-4473-bb0f-1b840b1ca961}</UniqueIdentifier>
    </Filter>
    <Filter Include="KatanaZero\2UI">
      <UniqueIdentifier>{1674e53f-2d7e-46b1-a0d2-3b39d33b06b3}</UniqueIdentifier>
    </Filter>
    <Filter Include="KatanaZero\0Caretaker">
      <UniqueIdentifier>{de0e4c8e-5f18-48af-856a-611f63b809c1}</UniqueIdentifier>
    </Filter>
    <Filter Include="KatanaZero\0main">
      <UniqueIdentifier>{7332752b-fda6-4225-a473-d8774b2a62cc}</UniqueIdentifier>
    </Filter>
    <Filter Include="KatanaZero\3Map">
      <UniqueIdentifier>{d8d690f5-c8c4-42bb-bc94-1fe210c55e6d}</UniqueIdentifier>
    </Filter>
    <Filter Include="KatanaZero\0mainState">
      <UniqueIdentifier>{75700892-ea07-4110-af54-0d1b2a4d6d47}</UniqueIdentifier>
    </Filter>
  </ItemGroup>
  <ItemGroup>
    <ClInclude Include="framework.h">
      <Filter>헤더 파일</Filter>
    </ClInclude>
    <ClInclude Include="targetver.h">
      <Filter>헤더 파일</Filter>
    </ClInclude>
    <ClInclude Include="Resource.h">
      <Filter>헤더 파일</Filter>
    </ClInclude>
    <ClInclude Include="API_FrameWork.h">
      <Filter>헤더 파일</Filter>
    </ClInclude>
    <ClInclude Include="commonMacroFunction.h">
      <Filter>헤더 파일</Filter>
    </ClInclude>
    <ClInclude Include="singleton.h">
      <Filter>singleton</Filter>
    </ClInclude>
    <ClInclude Include="gameNode.h">
      <Filter>gameNode</Filter>
    </ClInclude>
    <ClInclude Include="mainGame.h">
      <Filter>mainGame</Filter>
    </ClInclude>
    <ClInclude Include="Input.h">
      <Filter>manager</Filter>
    </ClInclude>
    <ClInclude Include="randomFunction.h">
      <Filter>헤더 파일</Filter>
    </ClInclude>
    <ClInclude Include="utils.h">
      <Filter>UTIL</Filter>
    </ClInclude>
    <ClInclude Include="image.h">
      <Filter>image</Filter>
    </ClInclude>
    <ClInclude Include="imageManager.h">
      <Filter>manager</Filter>
    </ClInclude>
    <ClInclude Include="timer.h">
      <Filter>타이머</Filter>
    </ClInclude>
    <ClInclude Include="timeManager.h">
      <Filter>manager</Filter>
    </ClInclude>
    <ClInclude Include="txtData.h">
      <Filter>텍스트데이터</Filter>
    </ClInclude>
    <ClInclude Include="sceneManager.h">
      <Filter>manager</Filter>
    </ClInclude>
    <ClInclude Include="soundManager.h">
      <Filter>manager</Filter>
    </ClInclude>
    <ClInclude Include="animation.h">
      <Filter>애니메이션</Filter>
    </ClInclude>
    <ClInclude Include="animationManager.h">
      <Filter>manager</Filter>
    </ClInclude>
    <ClInclude Include="effect.h">
      <Filter>이펙트</Filter>
    </ClInclude>
    <ClInclude Include="effectManager.h">
      <Filter>manager</Filter>
    </ClInclude>
    <ClInclude Include="mapTool.h">
      <Filter>맵툴</Filter>
    </ClInclude>
    <ClInclude Include="OBBCollision.h">
      <Filter>manager\Collision\OBB</Filter>
    </ClInclude>
    <ClInclude Include="Zorder.h">
      <Filter>manager\Zorder</Filter>
    </ClInclude>
    <ClInclude Include="button.h">
      <Filter>manager\버튼</Filter>
    </ClInclude>
    <ClInclude Include="progressBar.h">
      <Filter>progressBar</Filter>
    </ClInclude>
    <ClInclude Include="camera.h">
      <Filter>manager\카메라</Filter>
    </ClInclude>
    <ClInclude Include="player.h">
      <Filter>KatanaZero\1Player</Filter>
    </ClInclude>
    <ClInclude Include="PlayerState.h">
      <Filter>KatanaZero\1Player</Filter>
    </ClInclude>
    <ClInclude Include="enum.h">
      <Filter>헤더 파일</Filter>
    </ClInclude>
    <ClInclude Include="UI.h">
      <Filter>KatanaZero\2UI</Filter>
    </ClInclude>
    <ClInclude Include="vector2.h">
      <Filter>헤더 파일</Filter>
    </ClInclude>
    <ClInclude Include="Collider.h">
      <Filter>manager\Collision\collider</Filter>
    </ClInclude>
    <ClInclude Include="collisionManager.h">
      <Filter>manager\Collision</Filter>
    </ClInclude>
    <ClInclude Include="CollisionTestScene.h">
      <Filter>KatanaZero\3Map</Filter>
    </ClInclude>
    <ClInclude Include="Caretaker.h">
      <Filter>KatanaZero\0Caretaker</Filter>
    </ClInclude>
    <ClInclude Include="KatanaZero.h">
      <Filter>KatanaZero\0main</Filter>
    </ClInclude>
    <ClInclude Include="mainState.h">
      <Filter>KatanaZero\0mainState</Filter>
    </ClInclude>
  </ItemGroup>
  <ItemGroup>
    <ClCompile Include="API_FrameWork.cpp">
      <Filter>소스 파일</Filter>
    </ClCompile>
    <ClCompile Include="gameNode.cpp">
      <Filter>gameNode</Filter>
    </ClCompile>
    <ClCompile Include="mainGame.cpp">
      <Filter>mainGame</Filter>
    </ClCompile>
    <ClCompile Include="Input.cpp">
      <Filter>manager</Filter>
    </ClCompile>
    <ClCompile Include="utils.cpp">
      <Filter>UTIL</Filter>
    </ClCompile>
    <ClCompile Include="image.cpp">
      <Filter>image</Filter>
    </ClCompile>
    <ClCompile Include="imageManager.cpp">
      <Filter>manager</Filter>
    </ClCompile>
    <ClCompile Include="timer.cpp">
      <Filter>타이머</Filter>
    </ClCompile>
    <ClCompile Include="timeManager.cpp">
      <Filter>manager</Filter>
    </ClCompile>
    <ClCompile Include="txtData.cpp">
      <Filter>텍스트데이터</Filter>
    </ClCompile>
    <ClCompile Include="sceneManager.cpp">
      <Filter>manager</Filter>
    </ClCompile>
    <ClCompile Include="soundManager.cpp">
      <Filter>manager</Filter>
    </ClCompile>
    <ClCompile Include="animation.cpp">
      <Filter>애니메이션</Filter>
    </ClCompile>
    <ClCompile Include="animationManager.cpp">
      <Filter>manager</Filter>
    </ClCompile>
    <ClCompile Include="effect.cpp">
      <Filter>이펙트</Filter>
    </ClCompile>
    <ClCompile Include="effectManager.cpp">
      <Filter>manager</Filter>
    </ClCompile>
    <ClCompile Include="mapTool.cpp">
      <Filter>맵툴</Filter>
    </ClCompile>
    <ClCompile Include="OBBCollision.cpp">
      <Filter>manager\Collision\OBB</Filter>
    </ClCompile>
    <ClCompile Include="Zorder.cpp">
      <Filter>manager\Zorder</Filter>
    </ClCompile>
    <ClCompile Include="button.cpp">
      <Filter>manager\버튼</Filter>
    </ClCompile>
    <ClCompile Include="progressBar.cpp">
      <Filter>progressBar</Filter>
    </ClCompile>
    <ClCompile Include="camera.cpp">
      <Filter>manager\카메라</Filter>
    </ClCompile>
    <ClCompile Include="player.cpp">
      <Filter>KatanaZero\1Player</Filter>
    </ClCompile>
    <ClCompile Include="PlayerState.cpp">
      <Filter>KatanaZero\1Player</Filter>
    </ClCompile>
    <ClCompile Include="UI.cpp">
      <Filter>KatanaZero\2UI</Filter>
    </ClCompile>
    <ClCompile Include="Collider.cpp">
      <Filter>manager\Collision\collider</Filter>
    </ClCompile>
    <ClCompile Include="collisionManager.cpp">
      <Filter>manager\Collision</Filter>
    </ClCompile>
    <ClCompile Include="CollisionTestScene.cpp">
      <Filter>KatanaZero\3Map</Filter>
    </ClCompile>
    <ClCompile Include="Caretaker.cpp">
      <Filter>KatanaZero\0Caretaker</Filter>
    </ClCompile>
    <ClCompile Include="KatanaZero.cpp">
      <Filter>KatanaZero\0main</Filter>
    </ClCompile>
    <ClCompile Include="mainState.cpp">
      <Filter>KatanaZero\0mainState</Filter>
    </ClCompile>
  </ItemGroup>
  <ItemGroup>
    <ResourceCompile Include="API_FrameWork.rc">
      <Filter>리소스 파일</Filter>
    </ResourceCompile>
  </ItemGroup>
  <ItemGroup>
    <Image Include="small.ico">
      <Filter>리소스 파일</Filter>
    </Image>
    <Image Include="API_FrameWork.ico">
      <Filter>리소스 파일</Filter>
    </Image>
  </ItemGroup>
  <ItemGroup>
    <None Include="images\icon\katanaZEROicon.cur">
      <Filter>리소스 파일</Filter>
    </None>
  </ItemGroup>
</Project>